
Microsoft Visual Studio Solution File, Format Version 12.00
# Visual Studio Version 17
VisualStudioVersion = 17.10.34928.147
MinimumVisualStudioVersion = 10.0.40219.1
Project("{FAE04EC0-301F-11D3-BF4B-00C04F79EFBC}") = "WindowsFormsApp1", "WindowsFormsApp1\WindowsFormsApp1.csproj", "{DB480D0D-31CF-473E-A7D4-E3C52CCC4D47}"
EndProject
Global
	GlobalSection(SolutionConfigurationPlatforms) = preSolution
		Debug|Any CPU = Debug|Any CPU
		Release|Any CPU = Release|Any CPU
	EndGlobalSection
	GlobalSection(ProjectConfigurationPlatforms) = postSolution
		{DB480D0D-31CF-473E-A7D4-E3C52CCC4D47}.Debug|Any CPU.ActiveCfg = Debug|Any CPU
		{DB480D0D-31CF-473E-A7D4-E3C52CCC4D47}.Debug|Any CPU.Build.0 = Debug|Any CPU
		{DB480D0D-31CF-473E-A7D4-E3C52CCC4D47}.Release|Any CPU.ActiveCfg = Release|Any CPU
		{DB480D0D-31CF-473E-A7D4-E3C52CCC4D47}.Release|Any CPU.Build.0 = Release|Any CPU
	EndGlobalSection
	GlobalSection(SolutionProperties) = preSolution
		HideSolutionNode = FALSE
	EndGlobalSection
	GlobalSection(ExtensibilityGlobals) = postSolution
		SolutionGuid = {973BC7C1-25F5-45B7-B853-C2A88879A894}
	EndGlobalSection
EndGlobal
